
Microsoft Visual Studio Solution File, Format Version 12.00
# Visual Studio 15
VisualStudioVersion = 15.0.27130.2036
MinimumVisualStudioVersion = 10.0.40219.1
Project("{9A19103F-16F7-4668-BE54-9A1E7A4F7556}") = "SimpleCalendar.Api", "SimpleCalendar.Api\SimpleCalendar.Api.csproj", "{EEBB40C3-761E-467F-8FCA-2081D80D9A9F}"
EndProject
Project("{2150E333-8FDC-42A3-9474-1A3956D46DE8}") = "util", "util", "{F618B39A-282C-4FF5-A71A-C5A1A6EFC4C3}"
EndProject
Project("{9A19103F-16F7-4668-BE54-9A1E7A4F7556}") = "SimpleCalendar.Utility.Validation", "util\SimpleCalendar.Utility.Validation\SimpleCalendar.Utility.Validation.csproj", "{EB8BBCB8-0089-4AD7-A72F-0B3316696BB1}"
EndProject
Project("{9A19103F-16F7-4668-BE54-9A1E7A4F7556}") = "SimpleCalendar.Utility.DependencyInjection", "util\SimpleCalendar.Utility.DependencyInjection\SimpleCalendar.Utility.DependencyInjection.csproj", "{FA03ED4D-71AA-43DD-92CC-EB217D286AC5}"
EndProject
Project("{9A19103F-16F7-4668-BE54-9A1E7A4F7556}") = "SimpleCalendar.Utility.Configuration", "util\SimpleCalendar.Utility.Configuration\SimpleCalendar.Utility.Configuration.csproj", "{73161659-5A80-4C8D-B9F4-037FF68973A0}"
EndProject
Project("{2150E333-8FDC-42A3-9474-1A3956D46DE8}") = "config", "config", "{82E6F7BB-523C-4E05-9ED0-FE62D572F15C}"
	ProjectSection(SolutionItems) = preProject
		appsettings.Shared.Development.json = appsettings.Shared.Development.json
		appsettings.Shared.json = appsettings.Shared.json
	EndProjectSection
EndProject
Project("{9A19103F-16F7-4668-BE54-9A1E7A4F7556}") = "SimpleCalendar.Utility.Authorization", "util\SimpleCalendar.Utility.Authorization\SimpleCalendar.Utility.Authorization.csproj", "{13DABBE3-963E-4A49-BE46-C1F3872DD6F0}"
EndProject
Project("{9A19103F-16F7-4668-BE54-9A1E7A4F7556}") = "SimpleCalendar.Api.UnitTests", "SimpleCalendar.Api.UnitTests\SimpleCalendar.Api.UnitTests.csproj", "{C11B24C8-8B53-4C10-876D-BEB55AD4DD50}"
EndProject
Project("{9A19103F-16F7-4668-BE54-9A1E7A4F7556}") = "SimpleCalendar.Framework", "SimpleCalendar.Framework\SimpleCalendar.Framework.csproj", "{AE0190EB-ED05-4505-AFBB-89490573A4B4}"
EndProject
Project("{9A19103F-16F7-4668-BE54-9A1E7A4F7556}") = "SimpleCalendar.Api.Core.Data", "SimpleCalendar.Api.Core.Data\SimpleCalendar.Api.Core.Data.csproj", "{86258058-D7C7-4B7C-B2C5-14F5BC032015}"
EndProject
Project("{9A19103F-16F7-4668-BE54-9A1E7A4F7556}") = "SimpleCalendar.Api.Models", "SimpleCalendar.Api.Models\SimpleCalendar.Api.Models.csproj", "{F5B35FC4-CF98-4C91-B4F6-B48B231751E5}"
EndProject
Project("{9A19103F-16F7-4668-BE54-9A1E7A4F7556}") = "SimpleCalendar.App.Administration", "SimpleCalendar.App.Administration\SimpleCalendar.App.Administration.csproj", "{D63E6667-D897-4679-8D4C-9B6F6491FA82}"
EndProject
Project("{9A19103F-16F7-4668-BE54-9A1E7A4F7556}") = "SimpleCalendar.Api.Core.Authorization", "SimpleCalendar.Api.Core.Authorization\SimpleCalendar.Api.Core.Authorization.csproj", "{CEEE6C00-E50C-476A-BC81-CA32D6305848}"
EndProject
Project("{9A19103F-16F7-4668-BE54-9A1E7A4F7556}") = "SimpleCalendar.Api.Core.Authorization.UnitTests", "SimpleCalendar.Api.Core.Authorization.UnitTests\SimpleCalendar.Api.Core.Authorization.UnitTests.csproj", "{C7850CF6-0631-4052-BB7B-82242B105460}"
EndProject
Project("{9A19103F-16F7-4668-BE54-9A1E7A4F7556}") = "SimpleCalendar.App.Schedule", "SimpleCalendar.App.Schedule\SimpleCalendar.App.Schedule.csproj", "{BBAC4A2C-F1E2-4EE7-AB2E-83FFF3B1843D}"
EndProject
Project("{9A19103F-16F7-4668-BE54-9A1E7A4F7556}") = "SimpleCalendar.Api.Test.Data", "SimpleCalendar.Api.Test.Data\SimpleCalendar.Api.Test.Data.csproj", "{0455AE03-727D-4482-8014-91EED7852715}"
EndProject
Project("{FAE04EC0-301F-11D3-BF4B-00C04F79EFBC}") = "SimpleCalendar.Api.Test.EntityFrameworkCore", "SimpleCalendar.Api.Test.EntityFrameworkCore\SimpleCalendar.Api.Test.EntityFrameworkCore.csproj", "{154EF2F4-7F8D-432A-854F-650BD8DA5305}"
EndProject
Global
	GlobalSection(SolutionConfigurationPlatforms) = preSolution
		Debug|Any CPU = Debug|Any CPU
		Debug|x64 = Debug|x64
		Release|Any CPU = Release|Any CPU
		Release|x64 = Release|x64
	EndGlobalSection
	GlobalSection(ProjectConfigurationPlatforms) = postSolution
		{EEBB40C3-761E-467F-8FCA-2081D80D9A9F}.Debug|Any CPU.ActiveCfg = Debug|Any CPU
		{EEBB40C3-761E-467F-8FCA-2081D80D9A9F}.Debug|Any CPU.Build.0 = Debug|Any CPU
		{EEBB40C3-761E-467F-8FCA-2081D80D9A9F}.Debug|x64.ActiveCfg = Debug|Any CPU
		{EEBB40C3-761E-467F-8FCA-2081D80D9A9F}.Debug|x64.Build.0 = Debug|Any CPU
		{EEBB40C3-761E-467F-8FCA-2081D80D9A9F}.Release|Any CPU.ActiveCfg = Release|Any CPU
		{EEBB40C3-761E-467F-8FCA-2081D80D9A9F}.Release|Any CPU.Build.0 = Release|Any CPU
		{EEBB40C3-761E-467F-8FCA-2081D80D9A9F}.Release|x64.ActiveCfg = Release|Any CPU
		{EEBB40C3-761E-467F-8FCA-2081D80D9A9F}.Release|x64.Build.0 = Release|Any CPU
		{EB8BBCB8-0089-4AD7-A72F-0B3316696BB1}.Debug|Any CPU.ActiveCfg = Debug|Any CPU
		{EB8BBCB8-0089-4AD7-A72F-0B3316696BB1}.Debug|Any CPU.Build.0 = Debug|Any CPU
		{EB8BBCB8-0089-4AD7-A72F-0B3316696BB1}.Debug|x64.ActiveCfg = Debug|x64
		{EB8BBCB8-0089-4AD7-A72F-0B3316696BB1}.Debug|x64.Build.0 = Debug|x64
		{EB8BBCB8-0089-4AD7-A72F-0B3316696BB1}.Release|Any CPU.ActiveCfg = Release|Any CPU
		{EB8BBCB8-0089-4AD7-A72F-0B3316696BB1}.Release|Any CPU.Build.0 = Release|Any CPU
		{EB8BBCB8-0089-4AD7-A72F-0B3316696BB1}.Release|x64.ActiveCfg = Release|x64
		{EB8BBCB8-0089-4AD7-A72F-0B3316696BB1}.Release|x64.Build.0 = Release|x64
		{FA03ED4D-71AA-43DD-92CC-EB217D286AC5}.Debug|Any CPU.ActiveCfg = Debug|Any CPU
		{FA03ED4D-71AA-43DD-92CC-EB217D286AC5}.Debug|Any CPU.Build.0 = Debug|Any CPU
		{FA03ED4D-71AA-43DD-92CC-EB217D286AC5}.Debug|x64.ActiveCfg = Debug|Any CPU
		{FA03ED4D-71AA-43DD-92CC-EB217D286AC5}.Debug|x64.Build.0 = Debug|Any CPU
		{FA03ED4D-71AA-43DD-92CC-EB217D286AC5}.Release|Any CPU.ActiveCfg = Release|Any CPU
		{FA03ED4D-71AA-43DD-92CC-EB217D286AC5}.Release|Any CPU.Build.0 = Release|Any CPU
		{FA03ED4D-71AA-43DD-92CC-EB217D286AC5}.Release|x64.ActiveCfg = Release|Any CPU
		{FA03ED4D-71AA-43DD-92CC-EB217D286AC5}.Release|x64.Build.0 = Release|Any CPU
		{73161659-5A80-4C8D-B9F4-037FF68973A0}.Debug|Any CPU.ActiveCfg = Debug|Any CPU
		{73161659-5A80-4C8D-B9F4-037FF68973A0}.Debug|Any CPU.Build.0 = Debug|Any CPU
		{73161659-5A80-4C8D-B9F4-037FF68973A0}.Debug|x64.ActiveCfg = Debug|Any CPU
		{73161659-5A80-4C8D-B9F4-037FF68973A0}.Debug|x64.Build.0 = Debug|Any CPU
		{73161659-5A80-4C8D-B9F4-037FF68973A0}.Release|Any CPU.ActiveCfg = Release|Any CPU
		{73161659-5A80-4C8D-B9F4-037FF68973A0}.Release|Any CPU.Build.0 = Release|Any CPU
		{73161659-5A80-4C8D-B9F4-037FF68973A0}.Release|x64.ActiveCfg = Release|Any CPU
		{73161659-5A80-4C8D-B9F4-037FF68973A0}.Release|x64.Build.0 = Release|Any CPU
		{13DABBE3-963E-4A49-BE46-C1F3872DD6F0}.Debug|Any CPU.ActiveCfg = Debug|Any CPU
		{13DABBE3-963E-4A49-BE46-C1F3872DD6F0}.Debug|Any CPU.Build.0 = Debug|Any CPU
		{13DABBE3-963E-4A49-BE46-C1F3872DD6F0}.Debug|x64.ActiveCfg = Debug|Any CPU
		{13DABBE3-963E-4A49-BE46-C1F3872DD6F0}.Debug|x64.Build.0 = Debug|Any CPU
		{13DABBE3-963E-4A49-BE46-C1F3872DD6F0}.Release|Any CPU.ActiveCfg = Release|Any CPU
		{13DABBE3-963E-4A49-BE46-C1F3872DD6F0}.Release|Any CPU.Build.0 = Release|Any CPU
		{13DABBE3-963E-4A49-BE46-C1F3872DD6F0}.Release|x64.ActiveCfg = Release|Any CPU
		{13DABBE3-963E-4A49-BE46-C1F3872DD6F0}.Release|x64.Build.0 = Release|Any CPU
		{C11B24C8-8B53-4C10-876D-BEB55AD4DD50}.Debug|Any CPU.ActiveCfg = Debug|Any CPU
		{C11B24C8-8B53-4C10-876D-BEB55AD4DD50}.Debug|Any CPU.Build.0 = Debug|Any CPU
		{C11B24C8-8B53-4C10-876D-BEB55AD4DD50}.Debug|x64.ActiveCfg = Debug|Any CPU
		{C11B24C8-8B53-4C10-876D-BEB55AD4DD50}.Debug|x64.Build.0 = Debug|Any CPU
		{C11B24C8-8B53-4C10-876D-BEB55AD4DD50}.Release|Any CPU.ActiveCfg = Release|Any CPU
		{C11B24C8-8B53-4C10-876D-BEB55AD4DD50}.Release|Any CPU.Build.0 = Release|Any CPU
		{C11B24C8-8B53-4C10-876D-BEB55AD4DD50}.Release|x64.ActiveCfg = Release|Any CPU
		{C11B24C8-8B53-4C10-876D-BEB55AD4DD50}.Release|x64.Build.0 = Release|Any CPU
		{AE0190EB-ED05-4505-AFBB-89490573A4B4}.Debug|Any CPU.ActiveCfg = Debug|Any CPU
		{AE0190EB-ED05-4505-AFBB-89490573A4B4}.Debug|Any CPU.Build.0 = Debug|Any CPU
		{AE0190EB-ED05-4505-AFBB-89490573A4B4}.Debug|x64.ActiveCfg = Debug|Any CPU
		{AE0190EB-ED05-4505-AFBB-89490573A4B4}.Debug|x64.Build.0 = Debug|Any CPU
		{AE0190EB-ED05-4505-AFBB-89490573A4B4}.Release|Any CPU.ActiveCfg = Release|Any CPU
		{AE0190EB-ED05-4505-AFBB-89490573A4B4}.Release|Any CPU.Build.0 = Release|Any CPU
		{AE0190EB-ED05-4505-AFBB-89490573A4B4}.Release|x64.ActiveCfg = Release|Any CPU
		{AE0190EB-ED05-4505-AFBB-89490573A4B4}.Release|x64.Build.0 = Release|Any CPU
		{86258058-D7C7-4B7C-B2C5-14F5BC032015}.Debug|Any CPU.ActiveCfg = Debug|Any CPU
		{86258058-D7C7-4B7C-B2C5-14F5BC032015}.Debug|Any CPU.Build.0 = Debug|Any CPU
		{86258058-D7C7-4B7C-B2C5-14F5BC032015}.Debug|x64.ActiveCfg = Debug|Any CPU
		{86258058-D7C7-4B7C-B2C5-14F5BC032015}.Debug|x64.Build.0 = Debug|Any CPU
		{86258058-D7C7-4B7C-B2C5-14F5BC032015}.Release|Any CPU.ActiveCfg = Release|Any CPU
		{86258058-D7C7-4B7C-B2C5-14F5BC032015}.Release|Any CPU.Build.0 = Release|Any CPU
		{86258058-D7C7-4B7C-B2C5-14F5BC032015}.Release|x64.ActiveCfg = Release|Any CPU
		{86258058-D7C7-4B7C-B2C5-14F5BC032015}.Release|x64.Build.0 = Release|Any CPU
		{F5B35FC4-CF98-4C91-B4F6-B48B231751E5}.Debug|Any CPU.ActiveCfg = Debug|Any CPU
		{F5B35FC4-CF98-4C91-B4F6-B48B231751E5}.Debug|Any CPU.Build.0 = Debug|Any CPU
		{F5B35FC4-CF98-4C91-B4F6-B48B231751E5}.Debug|x64.ActiveCfg = Debug|Any CPU
		{F5B35FC4-CF98-4C91-B4F6-B48B231751E5}.Debug|x64.Build.0 = Debug|Any CPU
		{F5B35FC4-CF98-4C91-B4F6-B48B231751E5}.Release|Any CPU.ActiveCfg = Release|Any CPU
		{F5B35FC4-CF98-4C91-B4F6-B48B231751E5}.Release|Any CPU.Build.0 = Release|Any CPU
		{F5B35FC4-CF98-4C91-B4F6-B48B231751E5}.Release|x64.ActiveCfg = Release|Any CPU
		{F5B35FC4-CF98-4C91-B4F6-B48B231751E5}.Release|x64.Build.0 = Release|Any CPU
		{D63E6667-D897-4679-8D4C-9B6F6491FA82}.Debug|Any CPU.ActiveCfg = Debug|Any CPU
		{D63E6667-D897-4679-8D4C-9B6F6491FA82}.Debug|Any CPU.Build.0 = Debug|Any CPU
		{D63E6667-D897-4679-8D4C-9B6F6491FA82}.Debug|x64.ActiveCfg = Debug|Any CPU
		{D63E6667-D897-4679-8D4C-9B6F6491FA82}.Debug|x64.Build.0 = Debug|Any CPU
		{D63E6667-D897-4679-8D4C-9B6F6491FA82}.Release|Any CPU.ActiveCfg = Release|Any CPU
		{D63E6667-D897-4679-8D4C-9B6F6491FA82}.Release|Any CPU.Build.0 = Release|Any CPU
		{D63E6667-D897-4679-8D4C-9B6F6491FA82}.Release|x64.ActiveCfg = Release|Any CPU
		{D63E6667-D897-4679-8D4C-9B6F6491FA82}.Release|x64.Build.0 = Release|Any CPU
		{CEEE6C00-E50C-476A-BC81-CA32D6305848}.Debug|Any CPU.ActiveCfg = Debug|Any CPU
		{CEEE6C00-E50C-476A-BC81-CA32D6305848}.Debug|Any CPU.Build.0 = Debug|Any CPU
		{CEEE6C00-E50C-476A-BC81-CA32D6305848}.Debug|x64.ActiveCfg = Debug|Any CPU
		{CEEE6C00-E50C-476A-BC81-CA32D6305848}.Debug|x64.Build.0 = Debug|Any CPU
		{CEEE6C00-E50C-476A-BC81-CA32D6305848}.Release|Any CPU.ActiveCfg = Release|Any CPU
		{CEEE6C00-E50C-476A-BC81-CA32D6305848}.Release|Any CPU.Build.0 = Release|Any CPU
		{CEEE6C00-E50C-476A-BC81-CA32D6305848}.Release|x64.ActiveCfg = Release|Any CPU
		{CEEE6C00-E50C-476A-BC81-CA32D6305848}.Release|x64.Build.0 = Release|Any CPU
		{C7850CF6-0631-4052-BB7B-82242B105460}.Debug|Any CPU.ActiveCfg = Debug|Any CPU
		{C7850CF6-0631-4052-BB7B-82242B105460}.Debug|Any CPU.Build.0 = Debug|Any CPU
		{C7850CF6-0631-4052-BB7B-82242B105460}.Debug|x64.ActiveCfg = Debug|Any CPU
		{C7850CF6-0631-4052-BB7B-82242B105460}.Debug|x64.Build.0 = Debug|Any CPU
		{C7850CF6-0631-4052-BB7B-82242B105460}.Release|Any CPU.ActiveCfg = Release|Any CPU
		{C7850CF6-0631-4052-BB7B-82242B105460}.Release|Any CPU.Build.0 = Release|Any CPU
		{C7850CF6-0631-4052-BB7B-82242B105460}.Release|x64.ActiveCfg = Release|Any CPU
		{C7850CF6-0631-4052-BB7B-82242B105460}.Release|x64.Build.0 = Release|Any CPU
		{BBAC4A2C-F1E2-4EE7-AB2E-83FFF3B1843D}.Debug|Any CPU.ActiveCfg = Debug|Any CPU
		{BBAC4A2C-F1E2-4EE7-AB2E-83FFF3B1843D}.Debug|Any CPU.Build.0 = Debug|Any CPU
		{BBAC4A2C-F1E2-4EE7-AB2E-83FFF3B1843D}.Debug|x64.ActiveCfg = Debug|Any CPU
		{BBAC4A2C-F1E2-4EE7-AB2E-83FFF3B1843D}.Debug|x64.Build.0 = Debug|Any CPU
		{BBAC4A2C-F1E2-4EE7-AB2E-83FFF3B1843D}.Release|Any CPU.ActiveCfg = Release|Any CPU
		{BBAC4A2C-F1E2-4EE7-AB2E-83FFF3B1843D}.Release|Any CPU.Build.0 = Release|Any CPU
		{BBAC4A2C-F1E2-4EE7-AB2E-83FFF3B1843D}.Release|x64.ActiveCfg = Release|Any CPU
		{BBAC4A2C-F1E2-4EE7-AB2E-83FFF3B1843D}.Release|x64.Build.0 = Release|Any CPU
		{0455AE03-727D-4482-8014-91EED7852715}.Debug|Any CPU.ActiveCfg = Debug|Any CPU
		{0455AE03-727D-4482-8014-91EED7852715}.Debug|Any CPU.Build.0 = Debug|Any CPU
		{0455AE03-727D-4482-8014-91EED7852715}.Debug|x64.ActiveCfg = Debug|Any CPU
		{0455AE03-727D-4482-8014-91EED7852715}.Debug|x64.Build.0 = Debug|Any CPU
		{0455AE03-727D-4482-8014-91EED7852715}.Release|Any CPU.ActiveCfg = Release|Any CPU
		{0455AE03-727D-4482-8014-91EED7852715}.Release|Any CPU.Build.0 = Release|Any CPU
		{0455AE03-727D-4482-8014-91EED7852715}.Release|x64.ActiveCfg = Release|Any CPU
		{0455AE03-727D-4482-8014-91EED7852715}.Release|x64.Build.0 = Release|Any CPU
		{154EF2F4-7F8D-432A-854F-650BD8DA5305}.Debug|Any CPU.ActiveCfg = Debug|Any CPU
		{154EF2F4-7F8D-432A-854F-650BD8DA5305}.Debug|Any CPU.Build.0 = Debug|Any CPU
		{154EF2F4-7F8D-432A-854F-650BD8DA5305}.Debug|x64.ActiveCfg = Debug|Any CPU
		{154EF2F4-7F8D-432A-854F-650BD8DA5305}.Debug|x64.Build.0 = Debug|Any CPU
		{154EF2F4-7F8D-432A-854F-650BD8DA5305}.Release|Any CPU.ActiveCfg = Release|Any CPU
		{154EF2F4-7F8D-432A-854F-650BD8DA5305}.Release|Any CPU.Build.0 = Release|Any CPU
		{154EF2F4-7F8D-432A-854F-650BD8DA5305}.Release|x64.ActiveCfg = Release|Any CPU
		{154EF2F4-7F8D-432A-854F-650BD8DA5305}.Release|x64.Build.0 = Release|Any CPU
	EndGlobalSection
	GlobalSection(SolutionProperties) = preSolution
		HideSolutionNode = FALSE
	EndGlobalSection
	GlobalSection(NestedProjects) = preSolution
		{EB8BBCB8-0089-4AD7-A72F-0B3316696BB1} = {F618B39A-282C-4FF5-A71A-C5A1A6EFC4C3}
		{FA03ED4D-71AA-43DD-92CC-EB217D286AC5} = {F618B39A-282C-4FF5-A71A-C5A1A6EFC4C3}
		{73161659-5A80-4C8D-B9F4-037FF68973A0} = {F618B39A-282C-4FF5-A71A-C5A1A6EFC4C3}
		{13DABBE3-963E-4A49-BE46-C1F3872DD6F0} = {F618B39A-282C-4FF5-A71A-C5A1A6EFC4C3}
	EndGlobalSection
	GlobalSection(ExtensibilityGlobals) = postSolution
		SolutionGuid = {76CCE767-D905-4917-B186-261D280DB6B7}
	EndGlobalSection
EndGlobal
